
Microsoft Visual Studio Solution File, Format Version 12.00
# Visual Studio Version 16
VisualStudioVersion = 16.0.33423.256
MinimumVisualStudioVersion = 10.0.40219.1
Project("{8BC9CEB8-8B4A-11D0-8D11-00A0C91BC942}") = "1-3 CSES", "1-3 CSES\1-3 CSES.vcxproj", "{6B014567-A5B5-401A-9AD4-305B8EE1A8EA}"
EndProject
Project("{8BC9CEB8-8B4A-11D0-8D11-00A0C91BC942}") = "1-3 CSES_2", "1-3 CSES_2\1-3 CSES_2.vcxproj", "{E90664C3-8D12-4C3E-BEFA-E0388C5F765D}"
EndProject
Project("{8BC9CEB8-8B4A-11D0-8D11-00A0C91BC942}") = "1-3 CSES_3", "1-3 CSES_3\1-3 CSES_3.vcxproj", "{75286D17-26B3-4D4B-B913-7CAFA9A372A9}"
EndProject
Project("{8BC9CEB8-8B4A-11D0-8D11-00A0C91BC942}") = "1-3 CSES_4", "1-3 CSES_4\1-3 CSES_4.vcxproj", "{D2F436B5-026D-4688-842A-3807DD1C1F93}"
EndProject
Project("{8BC9CEB8-8B4A-11D0-8D11-00A0C91BC942}") = "1-3 CSES_5", "1-3 CSES_5\1-3 CSES_5.vcxproj", "{16E49A0C-6A78-47F4-82E2-88D537F8811C}"
EndProject
Global
	GlobalSection(SolutionConfigurationPlatforms) = preSolution
		Debug|x64 = Debug|x64
		Debug|x86 = Debug|x86
		Release|x64 = Release|x64
		Release|x86 = Release|x86
	EndGlobalSection
	GlobalSection(ProjectConfigurationPlatforms) = postSolution
		{6B014567-A5B5-401A-9AD4-305B8EE1A8EA}.Debug|x64.ActiveCfg = Debug|x64
		{6B014567-A5B5-401A-9AD4-305B8EE1A8EA}.Debug|x64.Build.0 = Debug|x64
		{6B014567-A5B5-401A-9AD4-305B8EE1A8EA}.Debug|x86.ActiveCfg = Debug|Win32
		{6B014567-A5B5-401A-9AD4-305B8EE1A8EA}.Debug|x86.Build.0 = Debug|Win32
		{6B014567-A5B5-401A-9AD4-305B8EE1A8EA}.Release|x64.ActiveCfg = Release|x64
		{6B014567-A5B5-401A-9AD4-305B8EE1A8EA}.Release|x64.Build.0 = Release|x64
		{6B014567-A5B5-401A-9AD4-305B8EE1A8EA}.Release|x86.ActiveCfg = Release|Win32
		{6B014567-A5B5-401A-9AD4-305B8EE1A8EA}.Release|x86.Build.0 = Release|Win32
		{E90664C3-8D12-4C3E-BEFA-E0388C5F765D}.Debug|x64.ActiveCfg = Debug|x64
		{E90664C3-8D12-4C3E-BEFA-E0388C5F765D}.Debug|x64.Build.0 = Debug|x64
		{E90664C3-8D12-4C3E-BEFA-E0388C5F765D}.Debug|x86.ActiveCfg = Debug|Win32
		{E90664C3-8D12-4C3E-BEFA-E0388C5F765D}.Debug|x86.Build.0 = Debug|Win32
		{E90664C3-8D12-4C3E-BEFA-E0388C5F765D}.Release|x64.ActiveCfg = Release|x64
		{E90664C3-8D12-4C3E-BEFA-E0388C5F765D}.Release|x64.Build.0 = Release|x64
		{E90664C3-8D12-4C3E-BEFA-E0388C5F765D}.Release|x86.ActiveCfg = Release|Win32
		{E90664C3-8D12-4C3E-BEFA-E0388C5F765D}.Release|x86.Build.0 = Release|Win32
		{75286D17-26B3-4D4B-B913-7CAFA9A372A9}.Debug|x64.ActiveCfg = Debug|x64
		{75286D17-26B3-4D4B-B913-7CAFA9A372A9}.Debug|x64.Build.0 = Debug|x64
		{75286D17-26B3-4D4B-B913-7CAFA9A372A9}.Debug|x86.ActiveCfg = Debug|Win32
		{75286D17-26B3-4D4B-B913-7CAFA9A372A9}.Debug|x86.Build.0 = Debug|Win32
		{75286D17-26B3-4D4B-B913-7CAFA9A372A9}.Release|x64.ActiveCfg = Release|x64
		{75286D17-26B3-4D4B-B913-7CAFA9A372A9}.Release|x64.Build.0 = Release|x64
		{75286D17-26B3-4D4B-B913-7CAFA9A372A9}.Release|x86.ActiveCfg = Release|Win32
		{75286D17-26B3-4D4B-B913-7CAFA9A372A9}.Release|x86.Build.0 = Release|Win32
		{D2F436B5-026D-4688-842A-3807DD1C1F93}.Debug|x64.ActiveCfg = Debug|x64
		{D2F436B5-026D-4688-842A-3807DD1C1F93}.Debug|x64.Build.0 = Debug|x64
		{D2F436B5-026D-4688-842A-3807DD1C1F93}.Debug|x86.ActiveCfg = Debug|Win32
		{D2F436B5-026D-4688-842A-3807DD1C1F93}.Debug|x86.Build.0 = Debug|Win32
		{D2F436B5-026D-4688-842A-3807DD1C1F93}.Release|x64.ActiveCfg = Release|x64
		{D2F436B5-026D-4688-842A-3807DD1C1F93}.Release|x64.Build.0 = Release|x64
		{D2F436B5-026D-4688-842A-3807DD1C1F93}.Release|x86.ActiveCfg = Release|Win32
		{D2F436B5-026D-4688-842A-3807DD1C1F93}.Release|x86.Build.0 = Release|Win32
		{16E49A0C-6A78-47F4-82E2-88D537F8811C}.Debug|x64.ActiveCfg = Debug|x64
		{16E49A0C-6A78-47F4-82E2-88D537F8811C}.Debug|x64.Build.0 = Debug|x64
		{16E49A0C-6A78-47F4-82E2-88D537F8811C}.Debug|x86.ActiveCfg = Debug|Win32
		{16E49A0C-6A78-47F4-82E2-88D537F8811C}.Debug|x86.Build.0 = Debug|Win32
		{16E49A0C-6A78-47F4-82E2-88D537F8811C}.Release|x64.ActiveCfg = Release|x64
		{16E49A0C-6A78-47F4-82E2-88D537F8811C}.Release|x64.Build.0 = Release|x64
		{16E49A0C-6A78-47F4-82E2-88D537F8811C}.Release|x86.ActiveCfg = Release|Win32
		{16E49A0C-6A78-47F4-82E2-88D537F8811C}.Release|x86.Build.0 = Release|Win32
	EndGlobalSection
	GlobalSection(SolutionProperties) = preSolution
		HideSolutionNode = FALSE
	EndGlobalSection
	GlobalSection(ExtensibilityGlobals) = postSolution
		SolutionGuid = {AEBF7DF5-755B-4A9E-9141-1C34441FFDB8}
	EndGlobalSection
EndGlobal
